// !$*UTF8*$!
{
	archiveVersion = 1;
	classes = {
	};
	objectVersion = 46;
	objects = {

/* Begin PBXBuildFile section */
		6003F58E195388D20070C39A /* Foundation.framework in Frameworks */ = {isa = PBXBuildFile; fileRef = 6003F58D195388D20070C39A /* Foundation.framework */; };
		6003F590195388D20070C39A /* CoreGraphics.framework in Frameworks */ = {isa = PBXBuildFile; fileRef = 6003F58F195388D20070C39A /* CoreGraphics.framework */; };
		6003F592195388D20070C39A /* UIKit.framework in Frameworks */ = {isa = PBXBuildFile; fileRef = 6003F591195388D20070C39A /* UIKit.framework */; };
		6003F598195388D20070C39A /* InfoPlist.strings in Resources */ = {isa = PBXBuildFile; fileRef = 6003F596195388D20070C39A /* InfoPlist.strings */; };
		6003F59A195388D20070C39A /* main.m in Sources */ = {isa = PBXBuildFile; fileRef = 6003F599195388D20070C39A /* main.m */; };
		6003F59E195388D20070C39A /* KBAppDelegate.m in Sources */ = {isa = PBXBuildFile; fileRef = 6003F59D195388D20070C39A /* KBAppDelegate.m */; };
		6003F5A7195388D20070C39A /* KBViewController.m in Sources */ = {isa = PBXBuildFile; fileRef = 6003F5A6195388D20070C39A /* KBViewController.m */; };
		6003F5A9195388D20070C39A /* Images.xcassets in Resources */ = {isa = PBXBuildFile; fileRef = 6003F5A8195388D20070C39A /* Images.xcassets */; };
		71719F9F1E33DC2100824A3D /* LaunchScreen.storyboard in Resources */ = {isa = PBXBuildFile; fileRef = 71719F9D1E33DC2100824A3D /* LaunchScreen.storyboard */; };
		7F3F3B9EDA540409B55ADEC3 /* libPods-KBLibrary_Example.a in Frameworks */ = {isa = PBXBuildFile; fileRef = A6B5B8BAB64C67253ACD9CDB /* libPods-KBLibrary_Example.a */; };
		873B8AEB1B1F5CCA007FD442 /* Main.storyboard in Resources */ = {isa = PBXBuildFile; fileRef = 873B8AEA1B1F5CCA007FD442 /* Main.storyboard */; };
		D827FCE12696D33000A4DE31 /* KBTableViewCell.m in Sources */ = {isa = PBXBuildFile; fileRef = D827FCDF2696D33000A4DE31 /* KBTableViewCell.m */; };
		D827FCE22696D33000A4DE31 /* KBTableViewCell.xib in Resources */ = {isa = PBXBuildFile; fileRef = D827FCE02696D33000A4DE31 /* KBTableViewCell.xib */; };
		D82F5C8826942B3A0048C6F4 /* NSString+KB.m in Sources */ = {isa = PBXBuildFile; fileRef = D82F5C6D26942B3A0048C6F4 /* NSString+KB.m */; };
		D82F5C8926942B3A0048C6F4 /* NSData+KB.m in Sources */ = {isa = PBXBuildFile; fileRef = D82F5C6E26942B3A0048C6F4 /* NSData+KB.m */; };
		D82F5C8A26942B3B0048C6F4 /* UIViewController+KB.m in Sources */ = {isa = PBXBuildFile; fileRef = D82F5C7026942B3A0048C6F4 /* UIViewController+KB.m */; };
		D82F5C8B26942B3B0048C6F4 /* KBTreeModel.m in Sources */ = {isa = PBXBuildFile; fileRef = D82F5C7226942B3A0048C6F4 /* KBTreeModel.m */; };
		D82F5C8C26942B3B0048C6F4 /* UIColor+KB.m in Sources */ = {isa = PBXBuildFile; fileRef = D82F5C7526942B3A0048C6F4 /* UIColor+KB.m */; };
		D82F5C8D26942B3B0048C6F4 /* KBTool.m in Sources */ = {isa = PBXBuildFile; fileRef = D82F5C7626942B3A0048C6F4 /* KBTool.m */; };
		D82F5C8E26942B3B0048C6F4 /* NSObject+KB.m in Sources */ = {isa = PBXBuildFile; fileRef = D82F5C7726942B3A0048C6F4 /* NSObject+KB.m */; };
		D82F5C8F26942B3B0048C6F4 /* NSDate+KB.m in Sources */ = {isa = PBXBuildFile; fileRef = D82F5C7B26942B3A0048C6F4 /* NSDate+KB.m */; };
		D82F5C9026942B3B0048C6F4 /* UITableView+KB.m in Sources */ = {isa = PBXBuildFile; fileRef = D82F5C7E26942B3A0048C6F4 /* UITableView+KB.m */; };
		D82F5C9126942B3B0048C6F4 /* KBTranslucentAlertViewController.m in Sources */ = {isa = PBXBuildFile; fileRef = D82F5C8026942B3A0048C6F4 /* KBTranslucentAlertViewController.m */; };
		D82F5C9226942B3B0048C6F4 /* UIView+KB.m in Sources */ = {isa = PBXBuildFile; fileRef = D82F5C8526942B3A0048C6F4 /* UIView+KB.m */; };
		D8A8EE9A26957D7D007614CF /* NSMutableArray+KB.m in Sources */ = {isa = PBXBuildFile; fileRef = D8A8EE9926957D7D007614CF /* NSMutableArray+KB.m */; };
		D8A8EEA926957FF3007614CF /* UIImage+KB.m in Sources */ = {isa = PBXBuildFile; fileRef = D8A8EEA826957FF3007614CF /* UIImage+KB.m */; };
		D8A8EEAC26958037007614CF /* UIImageView+KB.m in Sources */ = {isa = PBXBuildFile; fileRef = D8A8EEAB26958037007614CF /* UIImageView+KB.m */; };
/* End PBXBuildFile section */

/* Begin PBXFileReference section */
		2B22469D299364CC50F6B0F1 /* Pods-KBLibrary_Example.debug.xcconfig */ = {isa = PBXFileReference; includeInIndex = 1; lastKnownFileType = text.xcconfig; name = "Pods-KBLibrary_Example.debug.xcconfig"; path = "Target Support Files/Pods-KBLibrary_Example/Pods-KBLibrary_Example.debug.xcconfig"; sourceTree = "<group>"; };
		47D4621864EAB846B99C43DF /* KBLibrary.podspec */ = {isa = PBXFileReference; includeInIndex = 1; lastKnownFileType = text; name = KBLibrary.podspec; path = ../KBLibrary.podspec; sourceTree = "<group>"; };
		6003F58A195388D20070C39A /* KBLibrary_Example.app */ = {isa = PBXFileReference; explicitFileType = wrapper.application; includeInIndex = 0; path = KBLibrary_Example.app; sourceTree = BUILT_PRODUCTS_DIR; };
		6003F58D195388D20070C39A /* Foundation.framework */ = {isa = PBXFileReference; lastKnownFileType = wrapper.framework; name = Foundation.framework; path = System/Library/Frameworks/Foundation.framework; sourceTree = SDKROOT; };
		6003F58F195388D20070C39A /* CoreGraphics.framework */ = {isa = PBXFileReference; lastKnownFileType = wrapper.framework; name = CoreGraphics.framework; path = System/Library/Frameworks/CoreGraphics.framework; sourceTree = SDKROOT; };
		6003F591195388D20070C39A /* UIKit.framework */ = {isa = PBXFileReference; lastKnownFileType = wrapper.framework; name = UIKit.framework; path = System/Library/Frameworks/UIKit.framework; sourceTree = SDKROOT; };
		6003F595195388D20070C39A /* KBLibrary-Info.plist */ = {isa = PBXFileReference; lastKnownFileType = text.plist.xml; path = "KBLibrary-Info.plist"; sourceTree = "<group>"; };
		6003F597195388D20070C39A /* en */ = {isa = PBXFileReference; lastKnownFileType = text.plist.strings; name = en; path = en.lproj/InfoPlist.strings; sourceTree = "<group>"; };
		6003F599195388D20070C39A /* main.m */ = {isa = PBXFileReference; lastKnownFileType = sourcecode.c.objc; path = main.m; sourceTree = "<group>"; };
		6003F59B195388D20070C39A /* KBLibrary-Prefix.pch */ = {isa = PBXFileReference; lastKnownFileType = sourcecode.c.h; path = "KBLibrary-Prefix.pch"; sourceTree = "<group>"; };
		6003F59C195388D20070C39A /* KBAppDelegate.h */ = {isa = PBXFileReference; lastKnownFileType = sourcecode.c.h; path = KBAppDelegate.h; sourceTree = "<group>"; };
		6003F59D195388D20070C39A /* KBAppDelegate.m */ = {isa = PBXFileReference; lastKnownFileType = sourcecode.c.objc; path = KBAppDelegate.m; sourceTree = "<group>"; };
		6003F5A5195388D20070C39A /* KBViewController.h */ = {isa = PBXFileReference; lastKnownFileType = sourcecode.c.h; path = KBViewController.h; sourceTree = "<group>"; };
		6003F5A6195388D20070C39A /* KBViewController.m */ = {isa = PBXFileReference; lastKnownFileType = sourcecode.c.objc; path = KBViewController.m; sourceTree = "<group>"; };
		6003F5A8195388D20070C39A /* Images.xcassets */ = {isa = PBXFileReference; lastKnownFileType = folder.assetcatalog; path = Images.xcassets; sourceTree = "<group>"; };
		6003F5AF195388D20070C39A /* XCTest.framework */ = {isa = PBXFileReference; lastKnownFileType = wrapper.framework; name = XCTest.framework; path = Library/Frameworks/XCTest.framework; sourceTree = DEVELOPER_DIR; };
		71719F9E1E33DC2100824A3D /* Base */ = {isa = PBXFileReference; lastKnownFileType = file.storyboard; name = Base; path = Base.lproj/LaunchScreen.storyboard; sourceTree = "<group>"; };
		7E0D0DE19528E344A4CCAAFD /* README.md */ = {isa = PBXFileReference; includeInIndex = 1; lastKnownFileType = net.daringfireball.markdown; name = README.md; path = ../README.md; sourceTree = "<group>"; };
		873B8AEA1B1F5CCA007FD442 /* Main.storyboard */ = {isa = PBXFileReference; fileEncoding = 4; lastKnownFileType = file.storyboard; name = Main.storyboard; path = Base.lproj/Main.storyboard; sourceTree = "<group>"; };
		A6B5B8BAB64C67253ACD9CDB /* libPods-KBLibrary_Example.a */ = {isa = PBXFileReference; explicitFileType = archive.ar; includeInIndex = 0; path = "libPods-KBLibrary_Example.a"; sourceTree = BUILT_PRODUCTS_DIR; };
		C68AB31D908E9006ABE77320 /* LICENSE */ = {isa = PBXFileReference; includeInIndex = 1; lastKnownFileType = text; name = LICENSE; path = ../LICENSE; sourceTree = "<group>"; };
		D827FCDE2696D33000A4DE31 /* KBTableViewCell.h */ = {isa = PBXFileReference; lastKnownFileType = sourcecode.c.h; path = KBTableViewCell.h; sourceTree = "<group>"; };
		D827FCDF2696D33000A4DE31 /* KBTableViewCell.m */ = {isa = PBXFileReference; lastKnownFileType = sourcecode.c.objc; path = KBTableViewCell.m; sourceTree = "<group>"; };
		D827FCE02696D33000A4DE31 /* KBTableViewCell.xib */ = {isa = PBXFileReference; lastKnownFileType = file.xib; path = KBTableViewCell.xib; sourceTree = "<group>"; };
		D82F5C6D26942B3A0048C6F4 /* NSString+KB.m */ = {isa = PBXFileReference; fileEncoding = 4; lastKnownFileType = sourcecode.c.objc; path = "NSString+KB.m"; sourceTree = "<group>"; };
		D82F5C6E26942B3A0048C6F4 /* NSData+KB.m */ = {isa = PBXFileReference; fileEncoding = 4; lastKnownFileType = sourcecode.c.objc; path = "NSData+KB.m"; sourceTree = "<group>"; };
		D82F5C6F26942B3A0048C6F4 /* NSDate+KB.h */ = {isa = PBXFileReference; fileEncoding = 4; lastKnownFileType = sourcecode.c.h; path = "NSDate+KB.h"; sourceTree = "<group>"; };
		D82F5C7026942B3A0048C6F4 /* UIViewController+KB.m */ = {isa = PBXFileReference; fileEncoding = 4; lastKnownFileType = sourcecode.c.objc; path = "UIViewController+KB.m"; sourceTree = "<group>"; };
		D82F5C7126942B3A0048C6F4 /* KBTranslucentAlertViewController.h */ = {isa = PBXFileReference; fileEncoding = 4; lastKnownFileType = sourcecode.c.h; path = KBTranslucentAlertViewController.h; sourceTree = "<group>"; };
		D82F5C7226942B3A0048C6F4 /* KBTreeModel.m */ = {isa = PBXFileReference; fileEncoding = 4; lastKnownFileType = sourcecode.c.objc; path = KBTreeModel.m; sourceTree = "<group>"; };
		D82F5C7326942B3A0048C6F4 /* UITableView+KB.h */ = {isa = PBXFileReference; fileEncoding = 4; lastKnownFileType = sourcecode.c.h; path = "UITableView+KB.h"; sourceTree = "<group>"; };
		D82F5C7426942B3A0048C6F4 /* UIView+KB.h */ = {isa = PBXFileReference; fileEncoding = 4; lastKnownFileType = sourcecode.c.h; path = "UIView+KB.h"; sourceTree = "<group>"; };
		D82F5C7526942B3A0048C6F4 /* UIColor+KB.m */ = {isa = PBXFileReference; fileEncoding = 4; lastKnownFileType = sourcecode.c.objc; path = "UIColor+KB.m"; sourceTree = "<group>"; };
		D82F5C7626942B3A0048C6F4 /* KBTool.m */ = {isa = PBXFileReference; fileEncoding = 4; lastKnownFileType = sourcecode.c.objc; path = KBTool.m; sourceTree = "<group>"; };
		D82F5C7726942B3A0048C6F4 /* NSObject+KB.m */ = {isa = PBXFileReference; fileEncoding = 4; lastKnownFileType = sourcecode.c.objc; path = "NSObject+KB.m"; sourceTree = "<group>"; };
		D82F5C7926942B3A0048C6F4 /* KBBlock.h */ = {isa = PBXFileReference; fileEncoding = 4; lastKnownFileType = sourcecode.c.h; path = KBBlock.h; sourceTree = "<group>"; };
		D82F5C7A26942B3A0048C6F4 /* KBLibrary.h */ = {isa = PBXFileReference; fileEncoding = 4; lastKnownFileType = sourcecode.c.h; path = KBLibrary.h; sourceTree = "<group>"; };
		D82F5C7B26942B3A0048C6F4 /* NSDate+KB.m */ = {isa = PBXFileReference; fileEncoding = 4; lastKnownFileType = sourcecode.c.objc; path = "NSDate+KB.m"; sourceTree = "<group>"; };
		D82F5C7C26942B3A0048C6F4 /* NSData+KB.h */ = {isa = PBXFileReference; fileEncoding = 4; lastKnownFileType = sourcecode.c.h; path = "NSData+KB.h"; sourceTree = "<group>"; };
		D82F5C7D26942B3A0048C6F4 /* NSString+KB.h */ = {isa = PBXFileReference; fileEncoding = 4; lastKnownFileType = sourcecode.c.h; path = "NSString+KB.h"; sourceTree = "<group>"; };
		D82F5C7E26942B3A0048C6F4 /* UITableView+KB.m */ = {isa = PBXFileReference; fileEncoding = 4; lastKnownFileType = sourcecode.c.objc; path = "UITableView+KB.m"; sourceTree = "<group>"; };
		D82F5C7F26942B3A0048C6F4 /* KBTreeModel.h */ = {isa = PBXFileReference; fileEncoding = 4; lastKnownFileType = sourcecode.c.h; path = KBTreeModel.h; sourceTree = "<group>"; };
		D82F5C8026942B3A0048C6F4 /* KBTranslucentAlertViewController.m */ = {isa = PBXFileReference; fileEncoding = 4; lastKnownFileType = sourcecode.c.objc; path = KBTranslucentAlertViewController.m; sourceTree = "<group>"; };
		D82F5C8126942B3A0048C6F4 /* UIViewController+KB.h */ = {isa = PBXFileReference; fileEncoding = 4; lastKnownFileType = sourcecode.c.h; path = "UIViewController+KB.h"; sourceTree = "<group>"; };
		D82F5C8226942B3A0048C6F4 /* KBMacroDefine.h */ = {isa = PBXFileReference; fileEncoding = 4; lastKnownFileType = sourcecode.c.h; path = KBMacroDefine.h; sourceTree = "<group>"; };
		D82F5C8326942B3A0048C6F4 /* NSObject+KB.h */ = {isa = PBXFileReference; fileEncoding = 4; lastKnownFileType = sourcecode.c.h; path = "NSObject+KB.h"; sourceTree = "<group>"; };
		D82F5C8426942B3A0048C6F4 /* KBTool.h */ = {isa = PBXFileReference; fileEncoding = 4; lastKnownFileType = sourcecode.c.h; path = KBTool.h; sourceTree = "<group>"; };
		D82F5C8526942B3A0048C6F4 /* UIView+KB.m */ = {isa = PBXFileReference; fileEncoding = 4; lastKnownFileType = sourcecode.c.objc; path = "UIView+KB.m"; sourceTree = "<group>"; };
		D82F5C8626942B3A0048C6F4 /* UIColor+KB.h */ = {isa = PBXFileReference; fileEncoding = 4; lastKnownFileType = sourcecode.c.h; path = "UIColor+KB.h"; sourceTree = "<group>"; };
		D82F5C8726942B3A0048C6F4 /* KBProperty.h */ = {isa = PBXFileReference; fileEncoding = 4; lastKnownFileType = sourcecode.c.h; path = KBProperty.h; sourceTree = "<group>"; };
		D8A8EE9826957D7D007614CF /* NSMutableArray+KB.h */ = {isa = PBXFileReference; lastKnownFileType = sourcecode.c.h; path = "NSMutableArray+KB.h"; sourceTree = "<group>"; };
		D8A8EE9926957D7D007614CF /* NSMutableArray+KB.m */ = {isa = PBXFileReference; lastKnownFileType = sourcecode.c.objc; path = "NSMutableArray+KB.m"; sourceTree = "<group>"; };
		D8A8EEA726957FF3007614CF /* UIImage+KB.h */ = {isa = PBXFileReference; lastKnownFileType = sourcecode.c.h; path = "UIImage+KB.h"; sourceTree = "<group>"; };
		D8A8EEA826957FF3007614CF /* UIImage+KB.m */ = {isa = PBXFileReference; lastKnownFileType = sourcecode.c.objc; path = "UIImage+KB.m"; sourceTree = "<group>"; };
		D8A8EEAA26958037007614CF /* UIImageView+KB.h */ = {isa = PBXFileReference; lastKnownFileType = sourcecode.c.h; path = "UIImageView+KB.h"; sourceTree = "<group>"; };
		D8A8EEAB26958037007614CF /* UIImageView+KB.m */ = {isa = PBXFileReference; lastKnownFileType = sourcecode.c.objc; path = "UIImageView+KB.m"; sourceTree = "<group>"; };
		F7CB2152FBBE583E2A8ABE49 /* Pods-KBLibrary_Example.release.xcconfig */ = {isa = PBXFileReference; includeInIndex = 1; lastKnownFileType = text.xcconfig; name = "Pods-KBLibrary_Example.release.xcconfig"; path = "Target Support Files/Pods-KBLibrary_Example/Pods-KBLibrary_Example.release.xcconfig"; sourceTree = "<group>"; };
/* End PBXFileReference section */

/* Begin PBXFrameworksBuildPhase section */
		6003F587195388D20070C39A /* Frameworks */ = {
			isa = PBXFrameworksBuildPhase;
			buildActionMask = 2147483647;
			files = (
				6003F590195388D20070C39A /* CoreGraphics.framework in Frameworks */,
				6003F592195388D20070C39A /* UIKit.framework in Frameworks */,
				6003F58E195388D20070C39A /* Foundation.framework in Frameworks */,
				7F3F3B9EDA540409B55ADEC3 /* libPods-KBLibrary_Example.a in Frameworks */,
			);
			runOnlyForDeploymentPostprocessing = 0;
		};
/* End PBXFrameworksBuildPhase section */

/* Begin PBXGroup section */
		529FC7E9A781463191C3C3A5 /* Pods */ = {
			isa = PBXGroup;
			children = (
				2B22469D299364CC50F6B0F1 /* Pods-KBLibrary_Example.debug.xcconfig */,
				F7CB2152FBBE583E2A8ABE49 /* Pods-KBLibrary_Example.release.xcconfig */,
			);
			path = Pods;
			sourceTree = "<group>";
		};
		6003F581195388D10070C39A = {
			isa = PBXGroup;
			children = (
				60FF7A9C1954A5C5007DD14C /* Podspec Metadata */,
				6003F593195388D20070C39A /* Example for KBLibrary */,
				6003F58C195388D20070C39A /* Frameworks */,
				6003F58B195388D20070C39A /* Products */,
				529FC7E9A781463191C3C3A5 /* Pods */,
			);
			sourceTree = "<group>";
		};
		6003F58B195388D20070C39A /* Products */ = {
			isa = PBXGroup;
			children = (
				6003F58A195388D20070C39A /* KBLibrary_Example.app */,
			);
			name = Products;
			sourceTree = "<group>";
		};
		6003F58C195388D20070C39A /* Frameworks */ = {
			isa = PBXGroup;
			children = (
				6003F58D195388D20070C39A /* Foundation.framework */,
				6003F58F195388D20070C39A /* CoreGraphics.framework */,
				6003F591195388D20070C39A /* UIKit.framework */,
				6003F5AF195388D20070C39A /* XCTest.framework */,
				A6B5B8BAB64C67253ACD9CDB /* libPods-KBLibrary_Example.a */,
			);
			name = Frameworks;
			sourceTree = "<group>";
		};
		6003F593195388D20070C39A /* Example for KBLibrary */ = {
			isa = PBXGroup;
			children = (
				D827FCDD2696D31500A4DE31 /* View */,
				D82F5C6C26942B3A0048C6F4 /* KBLibrary */,
				6003F59C195388D20070C39A /* KBAppDelegate.h */,
				6003F59D195388D20070C39A /* KBAppDelegate.m */,
				873B8AEA1B1F5CCA007FD442 /* Main.storyboard */,
				6003F5A5195388D20070C39A /* KBViewController.h */,
				6003F5A6195388D20070C39A /* KBViewController.m */,
				71719F9D1E33DC2100824A3D /* LaunchScreen.storyboard */,
				6003F5A8195388D20070C39A /* Images.xcassets */,
				6003F594195388D20070C39A /* Supporting Files */,
			);
			name = "Example for KBLibrary";
			path = KBLibrary;
			sourceTree = "<group>";
		};
		6003F594195388D20070C39A /* Supporting Files */ = {
			isa = PBXGroup;
			children = (
				6003F595195388D20070C39A /* KBLibrary-Info.plist */,
				6003F596195388D20070C39A /* InfoPlist.strings */,
				6003F599195388D20070C39A /* main.m */,
				6003F59B195388D20070C39A /* KBLibrary-Prefix.pch */,
			);
			name = "Supporting Files";
			sourceTree = "<group>";
		};
		60FF7A9C1954A5C5007DD14C /* Podspec Metadata */ = {
			isa = PBXGroup;
			children = (
				47D4621864EAB846B99C43DF /* KBLibrary.podspec */,
				7E0D0DE19528E344A4CCAAFD /* README.md */,
				C68AB31D908E9006ABE77320 /* LICENSE */,
			);
			name = "Podspec Metadata";
			sourceTree = "<group>";
		};
		D827FCDD2696D31500A4DE31 /* View */ = {
			isa = PBXGroup;
			children = (
				D827FCDE2696D33000A4DE31 /* KBTableViewCell.h */,
				D827FCDF2696D33000A4DE31 /* KBTableViewCell.m */,
				D827FCE02696D33000A4DE31 /* KBTableViewCell.xib */,
			);
			path = View;
			sourceTree = "<group>";
		};
		D82F5C6C26942B3A0048C6F4 /* KBLibrary */ = {
			isa = PBXGroup;
			children = (
				D82F5C7926942B3A0048C6F4 /* KBBlock.h */,
				D82F5C7A26942B3A0048C6F4 /* KBLibrary.h */,
				D82F5C8226942B3A0048C6F4 /* KBMacroDefine.h */,
				D82F5C8726942B3A0048C6F4 /* KBProperty.h */,
				D82F5C8426942B3A0048C6F4 /* KBTool.h */,
				D82F5C7626942B3A0048C6F4 /* KBTool.m */,
				D82F5C7126942B3A0048C6F4 /* KBTranslucentAlertViewController.h */,
				D82F5C8026942B3A0048C6F4 /* KBTranslucentAlertViewController.m */,
				D82F5C7F26942B3A0048C6F4 /* KBTreeModel.h */,
				D82F5C7226942B3A0048C6F4 /* KBTreeModel.m */,
				D82F5C7C26942B3A0048C6F4 /* NSData+KB.h */,
				D82F5C6E26942B3A0048C6F4 /* NSData+KB.m */,
				D82F5C6F26942B3A0048C6F4 /* NSDate+KB.h */,
				D82F5C7B26942B3A0048C6F4 /* NSDate+KB.m */,
				D8A8EE9826957D7D007614CF /* NSMutableArray+KB.h */,
				D8A8EE9926957D7D007614CF /* NSMutableArray+KB.m */,
				D82F5C8326942B3A0048C6F4 /* NSObject+KB.h */,
				D82F5C7726942B3A0048C6F4 /* NSObject+KB.m */,
				D82F5C7D26942B3A0048C6F4 /* NSString+KB.h */,
				D82F5C6D26942B3A0048C6F4 /* NSString+KB.m */,
				D82F5C8626942B3A0048C6F4 /* UIColor+KB.h */,
				D82F5C7526942B3A0048C6F4 /* UIColor+KB.m */,
				D8A8EEA726957FF3007614CF /* UIImage+KB.h */,
				D8A8EEA826957FF3007614CF /* UIImage+KB.m */,
				D8A8EEAA26958037007614CF /* UIImageView+KB.h */,
				D8A8EEAB26958037007614CF /* UIImageView+KB.m */,
				D82F5C7326942B3A0048C6F4 /* UITableView+KB.h */,
				D82F5C7E26942B3A0048C6F4 /* UITableView+KB.m */,
				D82F5C7426942B3A0048C6F4 /* UIView+KB.h */,
				D82F5C8526942B3A0048C6F4 /* UIView+KB.m */,
				D82F5C8126942B3A0048C6F4 /* UIViewController+KB.h */,
				D82F5C7026942B3A0048C6F4 /* UIViewController+KB.m */,
			);
			name = KBLibrary;
			path = ../../KBLibrary;
			sourceTree = "<group>";
		};
/* End PBXGroup section */

/* Begin PBXNativeTarget section */
		6003F589195388D20070C39A /* KBLibrary_Example */ = {
			isa = PBXNativeTarget;
			buildConfigurationList = 6003F5BF195388D20070C39A /* Build configuration list for PBXNativeTarget "KBLibrary_Example" */;
			buildPhases = (
				0668BAB95FEBB7D1C019C2DE /* [CP] Check Pods Manifest.lock */,
				6003F586195388D20070C39A /* Sources */,
				6003F587195388D20070C39A /* Frameworks */,
				6003F588195388D20070C39A /* Resources */,
				0EE52C36E361EE896BDDDD2D /* [CP] Copy Pods Resources */,
			);
			buildRules = (
			);
			dependencies = (
			);
			name = KBLibrary_Example;
			productName = KBLibrary;
			productReference = 6003F58A195388D20070C39A /* KBLibrary_Example.app */;
			productType = "com.apple.product-type.application";
		};
/* End PBXNativeTarget section */

/* Begin PBXProject section */
		6003F582195388D10070C39A /* Project object */ = {
			isa = PBXProject;
			attributes = {
				CLASSPREFIX = KB;
				LastUpgradeCheck = 1250;
				ORGANIZATIONNAME = LKeBing;
			};
			buildConfigurationList = 6003F585195388D10070C39A /* Build configuration list for PBXProject "KBLibrary" */;
			compatibilityVersion = "Xcode 3.2";
			developmentRegion = en;
			hasScannedForEncodings = 0;
			knownRegions = (
				en,
				Base,
			);
			mainGroup = 6003F581195388D10070C39A;
			productRefGroup = 6003F58B195388D20070C39A /* Products */;
			projectDirPath = "";
			projectRoot = "";
			targets = (
				6003F589195388D20070C39A /* KBLibrary_Example */,
			);
		};
/* End PBXProject section */

/* Begin PBXResourcesBuildPhase section */
		6003F588195388D20070C39A /* Resources */ = {
			isa = PBXResourcesBuildPhase;
			buildActionMask = 2147483647;
			files = (
				873B8AEB1B1F5CCA007FD442 /* Main.storyboard in Resources */,
				71719F9F1E33DC2100824A3D /* LaunchScreen.storyboard in Resources */,
				6003F5A9195388D20070C39A /* Images.xcassets in Resources */,
				6003F598195388D20070C39A /* InfoPlist.strings in Resources */,
				D827FCE22696D33000A4DE31 /* KBTableViewCell.xib in Resources */,
			);
			runOnlyForDeploymentPostprocessing = 0;
		};
/* End PBXResourcesBuildPhase section */

/* Begin PBXShellScriptBuildPhase section */
		0668BAB95FEBB7D1C019C2DE /* [CP] Check Pods Manifest.lock */ = {
			isa = PBXShellScriptBuildPhase;
			buildActionMask = 2147483647;
			files = (
			);
			inputFileListPaths = (
			);
			inputPaths = (
				"${PODS_PODFILE_DIR_PATH}/Podfile.lock",
				"${PODS_ROOT}/Manifest.lock",
			);
			name = "[CP] Check Pods Manifest.lock";
			outputFileListPaths = (
			);
			outputPaths = (
				"$(DERIVED_FILE_DIR)/Pods-KBLibrary_Example-checkManifestLockResult.txt",
			);
			runOnlyForDeploymentPostprocessing = 0;
			shellPath = /bin/sh;
			shellScript = "diff \"${PODS_PODFILE_DIR_PATH}/Podfile.lock\" \"${PODS_ROOT}/Manifest.lock\" > /dev/null\nif [ $? != 0 ] ; then\n    # print error to STDERR\n    echo \"error: The sandbox is not in sync with the Podfile.lock. Run 'pod install' or update your CocoaPods installation.\" >&2\n    exit 1\nfi\n# This output is used by Xcode 'outputs' to avoid re-running this script phase.\necho \"SUCCESS\" > \"${SCRIPT_OUTPUT_FILE_0}\"\n";
			showEnvVarsInLog = 0;
		};
		0EE52C36E361EE896BDDDD2D /* [CP] Copy Pods Resources */ = {
			isa = PBXShellScriptBuildPhase;
			buildActionMask = 2147483647;
			files = (
			);
			inputPaths = (
				"${PODS_ROOT}/Target Support Files/Pods-KBLibrary_Example/Pods-KBLibrary_Example-resources.sh",
				"${PODS_ROOT}/MJRefresh/MJRefresh/MJRefresh.bundle",
				"${PODS_ROOT}/SVProgressHUD/SVProgressHUD/SVProgressHUD.bundle",
			);
			name = "[CP] Copy Pods Resources";
			outputPaths = (
				"${TARGET_BUILD_DIR}/${UNLOCALIZED_RESOURCES_FOLDER_PATH}/MJRefresh.bundle",
				"${TARGET_BUILD_DIR}/${UNLOCALIZED_RESOURCES_FOLDER_PATH}/SVProgressHUD.bundle",
			);
			runOnlyForDeploymentPostprocessing = 0;
			shellPath = /bin/sh;
			shellScript = "\"${PODS_ROOT}/Target Support Files/Pods-KBLibrary_Example/Pods-KBLibrary_Example-resources.sh\"\n";
			showEnvVarsInLog = 0;
		};
/* End PBXShellScriptBuildPhase section */

/* Begin PBXSourcesBuildPhase section */
		6003F586195388D20070C39A /* Sources */ = {
			isa = PBXSourcesBuildPhase;
			buildActionMask = 2147483647;
			files = (
				D8A8EEA926957FF3007614CF /* UIImage+KB.m in Sources */,
				6003F59E195388D20070C39A /* KBAppDelegate.m in Sources */,
				D82F5C9126942B3B0048C6F4 /* KBTranslucentAlertViewController.m in Sources */,
				D82F5C9226942B3B0048C6F4 /* UIView+KB.m in Sources */,
				D82F5C9026942B3B0048C6F4 /* UITableView+KB.m in Sources */,
				D82F5C8826942B3A0048C6F4 /* NSString+KB.m in Sources */,
				D8A8EEAC26958037007614CF /* UIImageView+KB.m in Sources */,
				D82F5C8F26942B3B0048C6F4 /* NSDate+KB.m in Sources */,
				D82F5C8A26942B3B0048C6F4 /* UIViewController+KB.m in Sources */,
				6003F5A7195388D20070C39A /* KBViewController.m in Sources */,
				D82F5C8B26942B3B0048C6F4 /* KBTreeModel.m in Sources */,
				D8A8EE9A26957D7D007614CF /* NSMutableArray+KB.m in Sources */,
				D827FCE12696D33000A4DE31 /* KBTableViewCell.m in Sources */,
				D82F5C8E26942B3B0048C6F4 /* NSObject+KB.m in Sources */,
				D82F5C8C26942B3B0048C6F4 /* UIColor+KB.m in Sources */,
				6003F59A195388D20070C39A /* main.m in Sources */,
				D82F5C8926942B3A0048C6F4 /* NSData+KB.m in Sources */,
				D82F5C8D26942B3B0048C6F4 /* KBTool.m in Sources */,
			);
			runOnlyForDeploymentPostprocessing = 0;
		};
/* End PBXSourcesBuildPhase section */

/* Begin PBXVariantGroup section */
		6003F596195388D20070C39A /* InfoPlist.strings */ = {
			isa = PBXVariantGroup;
			children = (
				6003F597195388D20070C39A /* en */,
			);
			name = InfoPlist.strings;
			sourceTree = "<group>";
		};
		71719F9D1E33DC2100824A3D /* LaunchScreen.storyboard */ = {
			isa = PBXVariantGroup;
			children = (
				71719F9E1E33DC2100824A3D /* Base */,
			);
			name = LaunchScreen.storyboard;
			sourceTree = "<group>";
		};
/* End PBXVariantGroup section */

/* Begin XCBuildConfiguration section */
		6003F5BD195388D20070C39A /* Debug */ = {
			isa = XCBuildConfiguration;
			buildSettings = {
				ALWAYS_SEARCH_USER_PATHS = NO;
				CLANG_ANALYZER_LOCALIZABILITY_NONLOCALIZED = YES;
				CLANG_CXX_LANGUAGE_STANDARD = "gnu++0x";
				CLANG_CXX_LIBRARY = "libc++";
				CLANG_ENABLE_MODULES = YES;
				CLANG_ENABLE_OBJC_ARC = YES;
				CLANG_WARN_BLOCK_CAPTURE_AUTORELEASING = YES;
				CLANG_WARN_BOOL_CONVERSION = YES;
				CLANG_WARN_COMMA = YES;
				CLANG_WARN_CONSTANT_CONVERSION = YES;
				CLANG_WARN_DEPRECATED_OBJC_IMPLEMENTATIONS = YES;
				CLANG_WARN_DIRECT_OBJC_ISA_USAGE = YES_ERROR;
				CLANG_WARN_EMPTY_BODY = YES;
				CLANG_WARN_ENUM_CONVERSION = YES;
				CLANG_WARN_INFINITE_RECURSION = YES;
				CLANG_WARN_INT_CONVERSION = YES;
				CLANG_WARN_NON_LITERAL_NULL_CONVERSION = YES;
				CLANG_WARN_OBJC_IMPLICIT_RETAIN_SELF = YES;
				CLANG_WARN_OBJC_LITERAL_CONVERSION = YES;
				CLANG_WARN_OBJC_ROOT_CLASS = YES_ERROR;
				CLANG_WARN_QUOTED_INCLUDE_IN_FRAMEWORK_HEADER = YES;
				CLANG_WARN_RANGE_LOOP_ANALYSIS = YES;
				CLANG_WARN_STRICT_PROTOTYPES = YES;
				CLANG_WARN_SUSPICIOUS_MOVE = YES;
				CLANG_WARN_UNREACHABLE_CODE = YES;
				CLANG_WARN__DUPLICATE_METHOD_MATCH = YES;
				"CODE_SIGN_IDENTITY[sdk=iphoneos*]" = "iPhone Developer";
				COPY_PHASE_STRIP = NO;
				ENABLE_STRICT_OBJC_MSGSEND = YES;
				ENABLE_TESTABILITY = YES;
				GCC_C_LANGUAGE_STANDARD = gnu99;
				GCC_DYNAMIC_NO_PIC = NO;
				GCC_NO_COMMON_BLOCKS = YES;
				GCC_OPTIMIZATION_LEVEL = 0;
				GCC_PREPROCESSOR_DEFINITIONS = (
					"DEBUG=1",
					"$(inherited)",
				);
				GCC_SYMBOLS_PRIVATE_EXTERN = NO;
				GCC_WARN_64_TO_32_BIT_CONVERSION = YES;
				GCC_WARN_ABOUT_RETURN_TYPE = YES_ERROR;
				GCC_WARN_UNDECLARED_SELECTOR = YES;
				GCC_WARN_UNINITIALIZED_AUTOS = YES_AGGRESSIVE;
				GCC_WARN_UNUSED_FUNCTION = YES;
				GCC_WARN_UNUSED_VARIABLE = YES;
				IPHONEOS_DEPLOYMENT_TARGET = 12.0;
				ONLY_ACTIVE_ARCH = YES;
				SDKROOT = iphoneos;
				TARGETED_DEVICE_FAMILY = "1,2";
			};
			name = Debug;
		};
		6003F5BE195388D20070C39A /* Release */ = {
			isa = XCBuildConfiguration;
			buildSettings = {
				ALWAYS_SEARCH_USER_PATHS = NO;
				CLANG_ANALYZER_LOCALIZABILITY_NONLOCALIZED = YES;
				CLANG_CXX_LANGUAGE_STANDARD = "gnu++0x";
				CLANG_CXX_LIBRARY = "libc++";
				CLANG_ENABLE_MODULES = YES;
				CLANG_ENABLE_OBJC_ARC = YES;
				CLANG_WARN_BLOCK_CAPTURE_AUTORELEASING = YES;
				CLANG_WARN_BOOL_CONVERSION = YES;
				CLANG_WARN_COMMA = YES;
				CLANG_WARN_CONSTANT_CONVERSION = YES;
				CLANG_WARN_DEPRECATED_OBJC_IMPLEMENTATIONS = YES;
				CLANG_WARN_DIRECT_OBJC_ISA_USAGE = YES_ERROR;
				CLANG_WARN_EMPTY_BODY = YES;
				CLANG_WARN_ENUM_CONVERSION = YES;
				CLANG_WARN_INFINITE_RECURSION = YES;
				CLANG_WARN_INT_CONVERSION = YES;
				CLANG_WARN_NON_LITERAL_NULL_CONVERSION = YES;
				CLANG_WARN_OBJC_IMPLICIT_RETAIN_SELF = YES;
				CLANG_WARN_OBJC_LITERAL_CONVERSION = YES;
				CLANG_WARN_OBJC_ROOT_CLASS = YES_ERROR;
				CLANG_WARN_QUOTED_INCLUDE_IN_FRAMEWORK_HEADER = YES;
				CLANG_WARN_RANGE_LOOP_ANALYSIS = YES;
				CLANG_WARN_STRICT_PROTOTYPES = YES;
				CLANG_WARN_SUSPICIOUS_MOVE = YES;
				CLANG_WARN_UNREACHABLE_CODE = YES;
				CLANG_WARN__DUPLICATE_METHOD_MATCH = YES;
				"CODE_SIGN_IDENTITY[sdk=iphoneos*]" = "iPhone Developer";
				COPY_PHASE_STRIP = YES;
				ENABLE_NS_ASSERTIONS = NO;
				ENABLE_STRICT_OBJC_MSGSEND = YES;
				GCC_C_LANGUAGE_STANDARD = gnu99;
				GCC_NO_COMMON_BLOCKS = YES;
				GCC_WARN_64_TO_32_BIT_CONVERSION = YES;
				GCC_WARN_ABOUT_RETURN_TYPE = YES_ERROR;
				GCC_WARN_UNDECLARED_SELECTOR = YES;
				GCC_WARN_UNINITIALIZED_AUTOS = YES_AGGRESSIVE;
				GCC_WARN_UNUSED_FUNCTION = YES;
				GCC_WARN_UNUSED_VARIABLE = YES;
				IPHONEOS_DEPLOYMENT_TARGET = 12.0;
				SDKROOT = iphoneos;
				TARGETED_DEVICE_FAMILY = "1,2";
				VALIDATE_PRODUCT = YES;
			};
			name = Release;
		};
		6003F5C0195388D20070C39A /* Debug */ = {
			isa = XCBuildConfiguration;
			baseConfigurationReference = 2B22469D299364CC50F6B0F1 /* Pods-KBLibrary_Example.debug.xcconfig */;
			buildSettings = {
				ASSETCATALOG_COMPILER_APPICON_NAME = AppIcon;
				GCC_PRECOMPILE_PREFIX_HEADER = YES;
				GCC_PREFIX_HEADER = "KBLibrary/KBLibrary-Prefix.pch";
				INFOPLIST_FILE = "KBLibrary/KBLibrary-Info.plist";
				MODULE_NAME = ExampleApp;
				PRODUCT_BUNDLE_IDENTIFIER = "org.cocoapods.demo.${PRODUCT_NAME:rfc1034identifier}";
				PRODUCT_NAME = "$(TARGET_NAME)";
				SWIFT_VERSION = 4.0;
				WRAPPER_EXTENSION = app;
			};
			name = Debug;
		};
		6003F5C1195388D20070C39A /* Release */ = {
			isa = XCBuildConfiguration;
			baseConfigurationReference = F7CB2152FBBE583E2A8ABE49 /* Pods-KBLibrary_Example.release.xcconfig */;
			buildSettings = {
				ASSETCATALOG_COMPILER_APPICON_NAME = AppIcon;
				GCC_PRECOMPILE_PREFIX_HEADER = YES;
				GCC_PREFIX_HEADER = "KBLibrary/KBLibrary-Prefix.pch";
				INFOPLIST_FILE = "KBLibrary/KBLibrary-Info.plist";
				MODULE_NAME = ExampleApp;
				PRODUCT_BUNDLE_IDENTIFIER = "org.cocoapods.demo.${PRODUCT_NAME:rfc1034identifier}";
				PRODUCT_NAME = "$(TARGET_NAME)";
				SWIFT_VERSION = 4.0;
				WRAPPER_EXTENSION = app;
			};
			name = Release;
		};
/* End XCBuildConfiguration section */

/* Begin XCConfigurationList section */
		6003F585195388D10070C39A /* Build configuration list for PBXProject "KBLibrary" */ = {
			isa = XCConfigurationList;
			buildConfigurations = (
				6003F5BD195388D20070C39A /* Debug */,
				6003F5BE195388D20070C39A /* Release */,
			);
			defaultConfigurationIsVisible = 0;
			defaultConfigurationName = Release;
		};
		6003F5BF195388D20070C39A /* Build configuration list for PBXNativeTarget "KBLibrary_Example" */ = {
			isa = XCConfigurationList;
			buildConfigurations = (
				6003F5C0195388D20070C39A /* Debug */,
				6003F5C1195388D20070C39A /* Release */,
			);
			defaultConfigurationIsVisible = 0;
			defaultConfigurationName = Release;
		};
/* End XCConfigurationList section */
	};
	rootObject = 6003F582195388D10070C39A /* Project object */;
}
