// !$*UTF8*$!
{
	archiveVersion = 1;
	classes = {
	};
	objectVersion = 50;
	objects = {

/* Begin PBXBuildFile section */
		D80264DD268D9C740033D513 /* KBLibrary.h in Headers */ = {isa = PBXBuildFile; fileRef = D80264DB268D9C740033D513 /* KBLibrary.h */; };
		D8A7073C268EB8AA00203483 /* README.md in Resources */ = {isa = PBXBuildFile; fileRef = D8A7073A268EB8AA00203483 /* README.md */; };
		D8A7073D268EB8AA00203483 /* LICENSE in Resources */ = {isa = PBXBuildFile; fileRef = D8A7073B268EB8AA00203483 /* LICENSE */; };
		D8E79A89268D71490016D701 /* KBTreeModel.m in Sources */ = {isa = PBXBuildFile; fileRef = D8E79A6C268D71470016D701 /* KBTreeModel.m */; };
		D8E79A8A268D71490016D701 /* UIViewController+KBCustom.m in Sources */ = {isa = PBXBuildFile; fileRef = D8E79A6D268D71470016D701 /* UIViewController+KBCustom.m */; };
		D8E79A8B268D71490016D701 /* KBTool.m in Sources */ = {isa = PBXBuildFile; fileRef = D8E79A6E268D71480016D701 /* KBTool.m */; };
		D8E79A8C268D71490016D701 /* KBTreeModel.h in Headers */ = {isa = PBXBuildFile; fileRef = D8E79A6F268D71480016D701 /* KBTreeModel.h */; };
		D8E79A8D268D71490016D701 /* UIColor+KBCustom.h in Headers */ = {isa = PBXBuildFile; fileRef = D8E79A70268D71480016D701 /* UIColor+KBCustom.h */; };
		D8E79A8E268D71490016D701 /* KBDateFormat.h in Headers */ = {isa = PBXBuildFile; fileRef = D8E79A71268D71480016D701 /* KBDateFormat.h */; };
		D8E79A8F268D71490016D701 /* NSString+KBCustom.m in Sources */ = {isa = PBXBuildFile; fileRef = D8E79A72268D71480016D701 /* NSString+KBCustom.m */; };
		D8E79A90268D71490016D701 /* NSData+KBCustom.m in Sources */ = {isa = PBXBuildFile; fileRef = D8E79A74268D71480016D701 /* NSData+KBCustom.m */; };
		D8E79A91268D71490016D701 /* KBTranslucentAlertViewController.h in Headers */ = {isa = PBXBuildFile; fileRef = D8E79A75268D71480016D701 /* KBTranslucentAlertViewController.h */; };
		D8E79A92268D71490016D701 /* NSObject+KBCustom.m in Sources */ = {isa = PBXBuildFile; fileRef = D8E79A76268D71480016D701 /* NSObject+KBCustom.m */; };
		D8E79A93268D71490016D701 /* UITableView+KBCustom.h in Headers */ = {isa = PBXBuildFile; fileRef = D8E79A77268D71480016D701 /* UITableView+KBCustom.h */; };
		D8E79A94268D71490016D701 /* NSDate+KBCustom.h in Headers */ = {isa = PBXBuildFile; fileRef = D8E79A78268D71480016D701 /* NSDate+KBCustom.h */; };
		D8E79A95268D71490016D701 /* KBTranslucentAlertViewController.m in Sources */ = {isa = PBXBuildFile; fileRef = D8E79A79268D71480016D701 /* KBTranslucentAlertViewController.m */; };
		D8E79A96268D71490016D701 /* NSDate+KBCustom.m in Sources */ = {isa = PBXBuildFile; fileRef = D8E79A7A268D71480016D701 /* NSDate+KBCustom.m */; };
		D8E79A97268D71490016D701 /* KBTool.h in Headers */ = {isa = PBXBuildFile; fileRef = D8E79A7B268D71480016D701 /* KBTool.h */; };
		D8E79A98268D71490016D701 /* KBMacroDefine.h in Headers */ = {isa = PBXBuildFile; fileRef = D8E79A7C268D71480016D701 /* KBMacroDefine.h */; };
		D8E79A99268D71490016D701 /* KBProperty.h in Headers */ = {isa = PBXBuildFile; fileRef = D8E79A7D268D71480016D701 /* KBProperty.h */; };
		D8E79A9A268D71490016D701 /* UIView+KBCustom.m in Sources */ = {isa = PBXBuildFile; fileRef = D8E79A7E268D71480016D701 /* UIView+KBCustom.m */; };
		D8E79A9B268D71490016D701 /* UITableView+KBCustom.m in Sources */ = {isa = PBXBuildFile; fileRef = D8E79A7F268D71480016D701 /* UITableView+KBCustom.m */; };
		D8E79A9C268D71490016D701 /* NSString+KBCustom.h in Headers */ = {isa = PBXBuildFile; fileRef = D8E79A81268D71480016D701 /* NSString+KBCustom.h */; };
		D8E79A9D268D71490016D701 /* KBBlock.h in Headers */ = {isa = PBXBuildFile; fileRef = D8E79A82268D71480016D701 /* KBBlock.h */; };
		D8E79A9E268D71490016D701 /* UIView+KBCustom.h in Headers */ = {isa = PBXBuildFile; fileRef = D8E79A83268D71490016D701 /* UIView+KBCustom.h */; };
		D8E79A9F268D71490016D701 /* UIViewController+KBCustom.h in Headers */ = {isa = PBXBuildFile; fileRef = D8E79A84268D71490016D701 /* UIViewController+KBCustom.h */; };
		D8E79AA0268D71490016D701 /* KBLibrary.h in Headers */ = {isa = PBXBuildFile; fileRef = D8E79A85268D71490016D701 /* KBLibrary.h */; };
		D8E79AA1268D71490016D701 /* NSObject+KBCustom.h in Headers */ = {isa = PBXBuildFile; fileRef = D8E79A86268D71490016D701 /* NSObject+KBCustom.h */; };
		D8E79AA2268D71490016D701 /* NSData+KBCustom.h in Headers */ = {isa = PBXBuildFile; fileRef = D8E79A87268D71490016D701 /* NSData+KBCustom.h */; };
		D8E79AA3268D71490016D701 /* UIColor+KBCustom.m in Sources */ = {isa = PBXBuildFile; fileRef = D8E79A88268D71490016D701 /* UIColor+KBCustom.m */; };
		D8E79AAA268D72EB0016D701 /* KBLibrary.podspec in Resources */ = {isa = PBXBuildFile; fileRef = D8E79AA9268D72EB0016D701 /* KBLibrary.podspec */; };
/* End PBXBuildFile section */

/* Begin PBXFileReference section */
		D80264DB268D9C740033D513 /* KBLibrary.h */ = {isa = PBXFileReference; fileEncoding = 4; lastKnownFileType = sourcecode.c.h; path = KBLibrary.h; sourceTree = "<group>"; };
		D80264DC268D9C740033D513 /* Info.plist */ = {isa = PBXFileReference; fileEncoding = 4; lastKnownFileType = text.plist.xml; path = Info.plist; sourceTree = "<group>"; };
		D8A7073A268EB8AA00203483 /* README.md */ = {isa = PBXFileReference; fileEncoding = 4; lastKnownFileType = net.daringfireball.markdown; path = README.md; sourceTree = "<group>"; };
		D8A7073B268EB8AA00203483 /* LICENSE */ = {isa = PBXFileReference; fileEncoding = 4; lastKnownFileType = text; path = LICENSE; sourceTree = "<group>"; };
		D8E79A5A268D6ED80016D701 /* KBLibrary.framework */ = {isa = PBXFileReference; explicitFileType = wrapper.framework; includeInIndex = 0; path = KBLibrary.framework; sourceTree = BUILT_PRODUCTS_DIR; };
		D8E79A6C268D71470016D701 /* KBTreeModel.m */ = {isa = PBXFileReference; fileEncoding = 4; lastKnownFileType = sourcecode.c.objc; path = KBTreeModel.m; sourceTree = "<group>"; };
		D8E79A6D268D71470016D701 /* UIViewController+KBCustom.m */ = {isa = PBXFileReference; fileEncoding = 4; lastKnownFileType = sourcecode.c.objc; path = "UIViewController+KBCustom.m"; sourceTree = "<group>"; };
		D8E79A6E268D71480016D701 /* KBTool.m */ = {isa = PBXFileReference; fileEncoding = 4; lastKnownFileType = sourcecode.c.objc; path = KBTool.m; sourceTree = "<group>"; };
		D8E79A6F268D71480016D701 /* KBTreeModel.h */ = {isa = PBXFileReference; fileEncoding = 4; lastKnownFileType = sourcecode.c.h; path = KBTreeModel.h; sourceTree = "<group>"; };
		D8E79A70268D71480016D701 /* UIColor+KBCustom.h */ = {isa = PBXFileReference; fileEncoding = 4; lastKnownFileType = sourcecode.c.h; path = "UIColor+KBCustom.h"; sourceTree = "<group>"; };
		D8E79A71268D71480016D701 /* KBDateFormat.h */ = {isa = PBXFileReference; fileEncoding = 4; lastKnownFileType = sourcecode.c.h; path = KBDateFormat.h; sourceTree = "<group>"; };
		D8E79A72268D71480016D701 /* NSString+KBCustom.m */ = {isa = PBXFileReference; fileEncoding = 4; lastKnownFileType = sourcecode.c.objc; path = "NSString+KBCustom.m"; sourceTree = "<group>"; };
		D8E79A74268D71480016D701 /* NSData+KBCustom.m */ = {isa = PBXFileReference; fileEncoding = 4; lastKnownFileType = sourcecode.c.objc; path = "NSData+KBCustom.m"; sourceTree = "<group>"; };
		D8E79A75268D71480016D701 /* KBTranslucentAlertViewController.h */ = {isa = PBXFileReference; fileEncoding = 4; lastKnownFileType = sourcecode.c.h; path = KBTranslucentAlertViewController.h; sourceTree = "<group>"; };
		D8E79A76268D71480016D701 /* NSObject+KBCustom.m */ = {isa = PBXFileReference; fileEncoding = 4; lastKnownFileType = sourcecode.c.objc; path = "NSObject+KBCustom.m"; sourceTree = "<group>"; };
		D8E79A77268D71480016D701 /* UITableView+KBCustom.h */ = {isa = PBXFileReference; fileEncoding = 4; lastKnownFileType = sourcecode.c.h; path = "UITableView+KBCustom.h"; sourceTree = "<group>"; };
		D8E79A78268D71480016D701 /* NSDate+KBCustom.h */ = {isa = PBXFileReference; fileEncoding = 4; lastKnownFileType = sourcecode.c.h; path = "NSDate+KBCustom.h"; sourceTree = "<group>"; };
		D8E79A79268D71480016D701 /* KBTranslucentAlertViewController.m */ = {isa = PBXFileReference; fileEncoding = 4; lastKnownFileType = sourcecode.c.objc; path = KBTranslucentAlertViewController.m; sourceTree = "<group>"; };
		D8E79A7A268D71480016D701 /* NSDate+KBCustom.m */ = {isa = PBXFileReference; fileEncoding = 4; lastKnownFileType = sourcecode.c.objc; path = "NSDate+KBCustom.m"; sourceTree = "<group>"; };
		D8E79A7B268D71480016D701 /* KBTool.h */ = {isa = PBXFileReference; fileEncoding = 4; lastKnownFileType = sourcecode.c.h; path = KBTool.h; sourceTree = "<group>"; };
		D8E79A7C268D71480016D701 /* KBMacroDefine.h */ = {isa = PBXFileReference; fileEncoding = 4; lastKnownFileType = sourcecode.c.h; path = KBMacroDefine.h; sourceTree = "<group>"; };
		D8E79A7D268D71480016D701 /* KBProperty.h */ = {isa = PBXFileReference; fileEncoding = 4; lastKnownFileType = sourcecode.c.h; path = KBProperty.h; sourceTree = "<group>"; };
		D8E79A7E268D71480016D701 /* UIView+KBCustom.m */ = {isa = PBXFileReference; fileEncoding = 4; lastKnownFileType = sourcecode.c.objc; path = "UIView+KBCustom.m"; sourceTree = "<group>"; };
		D8E79A7F268D71480016D701 /* UITableView+KBCustom.m */ = {isa = PBXFileReference; fileEncoding = 4; lastKnownFileType = sourcecode.c.objc; path = "UITableView+KBCustom.m"; sourceTree = "<group>"; };
		D8E79A81268D71480016D701 /* NSString+KBCustom.h */ = {isa = PBXFileReference; fileEncoding = 4; lastKnownFileType = sourcecode.c.h; path = "NSString+KBCustom.h"; sourceTree = "<group>"; };
		D8E79A82268D71480016D701 /* KBBlock.h */ = {isa = PBXFileReference; fileEncoding = 4; lastKnownFileType = sourcecode.c.h; path = KBBlock.h; sourceTree = "<group>"; };
		D8E79A83268D71490016D701 /* UIView+KBCustom.h */ = {isa = PBXFileReference; fileEncoding = 4; lastKnownFileType = sourcecode.c.h; path = "UIView+KBCustom.h"; sourceTree = "<group>"; };
		D8E79A84268D71490016D701 /* UIViewController+KBCustom.h */ = {isa = PBXFileReference; fileEncoding = 4; lastKnownFileType = sourcecode.c.h; path = "UIViewController+KBCustom.h"; sourceTree = "<group>"; };
		D8E79A85268D71490016D701 /* KBLibrary.h */ = {isa = PBXFileReference; fileEncoding = 4; lastKnownFileType = sourcecode.c.h; path = KBLibrary.h; sourceTree = "<group>"; };
		D8E79A86268D71490016D701 /* NSObject+KBCustom.h */ = {isa = PBXFileReference; fileEncoding = 4; lastKnownFileType = sourcecode.c.h; path = "NSObject+KBCustom.h"; sourceTree = "<group>"; };
		D8E79A87268D71490016D701 /* NSData+KBCustom.h */ = {isa = PBXFileReference; fileEncoding = 4; lastKnownFileType = sourcecode.c.h; path = "NSData+KBCustom.h"; sourceTree = "<group>"; };
		D8E79A88268D71490016D701 /* UIColor+KBCustom.m */ = {isa = PBXFileReference; fileEncoding = 4; lastKnownFileType = sourcecode.c.objc; path = "UIColor+KBCustom.m"; sourceTree = "<group>"; };
		D8E79AA9268D72EB0016D701 /* KBLibrary.podspec */ = {isa = PBXFileReference; fileEncoding = 4; lastKnownFileType = text; path = KBLibrary.podspec; sourceTree = "<group>"; };
/* End PBXFileReference section */

/* Begin PBXFrameworksBuildPhase section */
		D8E79A57268D6ED80016D701 /* Frameworks */ = {
			isa = PBXFrameworksBuildPhase;
			buildActionMask = 2147483647;
			files = (
			);
			runOnlyForDeploymentPostprocessing = 0;
		};
/* End PBXFrameworksBuildPhase section */

/* Begin PBXGroup section */
		D8E79A30268D6EA60016D701 = {
			isa = PBXGroup;
			children = (
				D8A7073B268EB8AA00203483 /* LICENSE */,
				D8A7073A268EB8AA00203483 /* README.md */,
				D80264DB268D9C740033D513 /* KBLibrary.h */,
				D80264DC268D9C740033D513 /* Info.plist */,
				D8E79AA9268D72EB0016D701 /* KBLibrary.podspec */,
				D8E79A3B268D6EA60016D701 /* KBLibrary */,
				D8E79A3A268D6EA60016D701 /* Products */,
			);
			sourceTree = "<group>";
		};
		D8E79A3A268D6EA60016D701 /* Products */ = {
			isa = PBXGroup;
			children = (
				D8E79A5A268D6ED80016D701 /* KBLibrary.framework */,
			);
			name = Products;
			sourceTree = "<group>";
		};
		D8E79A3B268D6EA60016D701 /* KBLibrary */ = {
			isa = PBXGroup;
			children = (
				D8E79A82268D71480016D701 /* KBBlock.h */,
				D8E79A71268D71480016D701 /* KBDateFormat.h */,
				D8E79A85268D71490016D701 /* KBLibrary.h */,
				D8E79A7C268D71480016D701 /* KBMacroDefine.h */,
				D8E79A7D268D71480016D701 /* KBProperty.h */,
				D8E79A7B268D71480016D701 /* KBTool.h */,
				D8E79A6E268D71480016D701 /* KBTool.m */,
				D8E79A75268D71480016D701 /* KBTranslucentAlertViewController.h */,
				D8E79A79268D71480016D701 /* KBTranslucentAlertViewController.m */,
				D8E79A6F268D71480016D701 /* KBTreeModel.h */,
				D8E79A6C268D71470016D701 /* KBTreeModel.m */,
				D8E79A87268D71490016D701 /* NSData+KBCustom.h */,
				D8E79A74268D71480016D701 /* NSData+KBCustom.m */,
				D8E79A78268D71480016D701 /* NSDate+KBCustom.h */,
				D8E79A7A268D71480016D701 /* NSDate+KBCustom.m */,
				D8E79A86268D71490016D701 /* NSObject+KBCustom.h */,
				D8E79A76268D71480016D701 /* NSObject+KBCustom.m */,
				D8E79A81268D71480016D701 /* NSString+KBCustom.h */,
				D8E79A72268D71480016D701 /* NSString+KBCustom.m */,
				D8E79A70268D71480016D701 /* UIColor+KBCustom.h */,
				D8E79A88268D71490016D701 /* UIColor+KBCustom.m */,
				D8E79A77268D71480016D701 /* UITableView+KBCustom.h */,
				D8E79A7F268D71480016D701 /* UITableView+KBCustom.m */,
				D8E79A83268D71490016D701 /* UIView+KBCustom.h */,
				D8E79A7E268D71480016D701 /* UIView+KBCustom.m */,
				D8E79A84268D71490016D701 /* UIViewController+KBCustom.h */,
				D8E79A6D268D71470016D701 /* UIViewController+KBCustom.m */,
			);
			path = KBLibrary;
			sourceTree = "<group>";
		};
/* End PBXGroup section */

/* Begin PBXHeadersBuildPhase section */
		D8E79A55268D6ED80016D701 /* Headers */ = {
			isa = PBXHeadersBuildPhase;
			buildActionMask = 2147483647;
			files = (
				D8E79A99268D71490016D701 /* KBProperty.h in Headers */,
				D8E79A93268D71490016D701 /* UITableView+KBCustom.h in Headers */,
				D8E79A97268D71490016D701 /* KBTool.h in Headers */,
				D8E79AA2268D71490016D701 /* NSData+KBCustom.h in Headers */,
				D8E79A9D268D71490016D701 /* KBBlock.h in Headers */,
				D8E79AA1268D71490016D701 /* NSObject+KBCustom.h in Headers */,
				D8E79A8E268D71490016D701 /* KBDateFormat.h in Headers */,
				D8E79A9E268D71490016D701 /* UIView+KBCustom.h in Headers */,
				D8E79A9C268D71490016D701 /* NSString+KBCustom.h in Headers */,
				D8E79A8D268D71490016D701 /* UIColor+KBCustom.h in Headers */,
				D8E79A98268D71490016D701 /* KBMacroDefine.h in Headers */,
				D8E79A91268D71490016D701 /* KBTranslucentAlertViewController.h in Headers */,
				D80264DD268D9C740033D513 /* KBLibrary.h in Headers */,
				D8E79A8C268D71490016D701 /* KBTreeModel.h in Headers */,
				D8E79AA0268D71490016D701 /* KBLibrary.h in Headers */,
				D8E79A94268D71490016D701 /* NSDate+KBCustom.h in Headers */,
				D8E79A9F268D71490016D701 /* UIViewController+KBCustom.h in Headers */,
			);
			runOnlyForDeploymentPostprocessing = 0;
		};
/* End PBXHeadersBuildPhase section */

/* Begin PBXNativeTarget section */
		D8E79A59268D6ED80016D701 /* KBLibrary */ = {
			isa = PBXNativeTarget;
			buildConfigurationList = D8E79A5F268D6ED80016D701 /* Build configuration list for PBXNativeTarget "KBLibrary" */;
			buildPhases = (
				D8E79A55268D6ED80016D701 /* Headers */,
				D8E79A56268D6ED80016D701 /* Sources */,
				D8E79A57268D6ED80016D701 /* Frameworks */,
				D8E79A58268D6ED80016D701 /* Resources */,
			);
			buildRules = (
			);
			dependencies = (
			);
			name = KBLibrary;
			productName = KBLibrary;
			productReference = D8E79A5A268D6ED80016D701 /* KBLibrary.framework */;
			productType = "com.apple.product-type.framework";
		};
/* End PBXNativeTarget section */

/* Begin PBXProject section */
		D8E79A31268D6EA60016D701 /* Project object */ = {
			isa = PBXProject;
			attributes = {
				LastUpgradeCheck = 1250;
				TargetAttributes = {
					D8E79A59268D6ED80016D701 = {
						CreatedOnToolsVersion = 12.5.1;
					};
				};
			};
			buildConfigurationList = D8E79A34268D6EA60016D701 /* Build configuration list for PBXProject "KBLibrary" */;
			compatibilityVersion = "Xcode 9.3";
			developmentRegion = en;
			hasScannedForEncodings = 0;
			knownRegions = (
				en,
				Base,
			);
			mainGroup = D8E79A30268D6EA60016D701;
			productRefGroup = D8E79A3A268D6EA60016D701 /* Products */;
			projectDirPath = "";
			projectRoot = "";
			targets = (
				D8E79A59268D6ED80016D701 /* KBLibrary */,
			);
		};
/* End PBXProject section */

/* Begin PBXResourcesBuildPhase section */
		D8E79A58268D6ED80016D701 /* Resources */ = {
			isa = PBXResourcesBuildPhase;
			buildActionMask = 2147483647;
			files = (
				D8A7073D268EB8AA00203483 /* LICENSE in Resources */,
				D8A7073C268EB8AA00203483 /* README.md in Resources */,
				D8E79AAA268D72EB0016D701 /* KBLibrary.podspec in Resources */,
			);
			runOnlyForDeploymentPostprocessing = 0;
		};
/* End PBXResourcesBuildPhase section */

/* Begin PBXSourcesBuildPhase section */
		D8E79A56268D6ED80016D701 /* Sources */ = {
			isa = PBXSourcesBuildPhase;
			buildActionMask = 2147483647;
			files = (
				D8E79A8A268D71490016D701 /* UIViewController+KBCustom.m in Sources */,
				D8E79A92268D71490016D701 /* NSObject+KBCustom.m in Sources */,
				D8E79A9A268D71490016D701 /* UIView+KBCustom.m in Sources */,
				D8E79A8F268D71490016D701 /* NSString+KBCustom.m in Sources */,
				D8E79AA3268D71490016D701 /* UIColor+KBCustom.m in Sources */,
				D8E79A89268D71490016D701 /* KBTreeModel.m in Sources */,
				D8E79A8B268D71490016D701 /* KBTool.m in Sources */,
				D8E79A90268D71490016D701 /* NSData+KBCustom.m in Sources */,
				D8E79A96268D71490016D701 /* NSDate+KBCustom.m in Sources */,
				D8E79A95268D71490016D701 /* KBTranslucentAlertViewController.m in Sources */,
				D8E79A9B268D71490016D701 /* UITableView+KBCustom.m in Sources */,
			);
			runOnlyForDeploymentPostprocessing = 0;
		};
/* End PBXSourcesBuildPhase section */

/* Begin XCBuildConfiguration section */
		D8E79A50268D6EA80016D701 /* Debug */ = {
			isa = XCBuildConfiguration;
			buildSettings = {
				ALWAYS_SEARCH_USER_PATHS = NO;
				CLANG_ANALYZER_NONNULL = YES;
				CLANG_ANALYZER_NUMBER_OBJECT_CONVERSION = YES_AGGRESSIVE;
				CLANG_CXX_LANGUAGE_STANDARD = "gnu++14";
				CLANG_CXX_LIBRARY = "libc++";
				CLANG_ENABLE_MODULES = YES;
				CLANG_ENABLE_OBJC_ARC = YES;
				CLANG_ENABLE_OBJC_WEAK = YES;
				CLANG_WARN_BLOCK_CAPTURE_AUTORELEASING = YES;
				CLANG_WARN_BOOL_CONVERSION = YES;
				CLANG_WARN_COMMA = YES;
				CLANG_WARN_CONSTANT_CONVERSION = YES;
				CLANG_WARN_DEPRECATED_OBJC_IMPLEMENTATIONS = YES;
				CLANG_WARN_DIRECT_OBJC_ISA_USAGE = YES_ERROR;
				CLANG_WARN_DOCUMENTATION_COMMENTS = YES;
				CLANG_WARN_EMPTY_BODY = YES;
				CLANG_WARN_ENUM_CONVERSION = YES;
				CLANG_WARN_INFINITE_RECURSION = YES;
				CLANG_WARN_INT_CONVERSION = YES;
				CLANG_WARN_NON_LITERAL_NULL_CONVERSION = YES;
				CLANG_WARN_OBJC_IMPLICIT_RETAIN_SELF = YES;
				CLANG_WARN_OBJC_LITERAL_CONVERSION = YES;
				CLANG_WARN_OBJC_ROOT_CLASS = YES_ERROR;
				CLANG_WARN_QUOTED_INCLUDE_IN_FRAMEWORK_HEADER = YES;
				CLANG_WARN_RANGE_LOOP_ANALYSIS = YES;
				CLANG_WARN_STRICT_PROTOTYPES = YES;
				CLANG_WARN_SUSPICIOUS_MOVE = YES;
				CLANG_WARN_UNGUARDED_AVAILABILITY = YES_AGGRESSIVE;
				CLANG_WARN_UNREACHABLE_CODE = YES;
				CLANG_WARN__DUPLICATE_METHOD_MATCH = YES;
				COPY_PHASE_STRIP = NO;
				DEBUG_INFORMATION_FORMAT = dwarf;
				ENABLE_STRICT_OBJC_MSGSEND = YES;
				ENABLE_TESTABILITY = YES;
				GCC_C_LANGUAGE_STANDARD = gnu11;
				GCC_DYNAMIC_NO_PIC = NO;
				GCC_NO_COMMON_BLOCKS = YES;
				GCC_OPTIMIZATION_LEVEL = 0;
				GCC_PREPROCESSOR_DEFINITIONS = (
					"DEBUG=1",
					"$(inherited)",
				);
				GCC_WARN_64_TO_32_BIT_CONVERSION = YES;
				GCC_WARN_ABOUT_RETURN_TYPE = YES_ERROR;
				GCC_WARN_UNDECLARED_SELECTOR = YES;
				GCC_WARN_UNINITIALIZED_AUTOS = YES_AGGRESSIVE;
				GCC_WARN_UNUSED_FUNCTION = YES;
				GCC_WARN_UNUSED_VARIABLE = YES;
				IPHONEOS_DEPLOYMENT_TARGET = 14.5;
				MTL_ENABLE_DEBUG_INFO = INCLUDE_SOURCE;
				MTL_FAST_MATH = YES;
				ONLY_ACTIVE_ARCH = YES;
				SDKROOT = iphoneos;
			};
			name = Debug;
		};
		D8E79A51268D6EA80016D701 /* Release */ = {
			isa = XCBuildConfiguration;
			buildSettings = {
				ALWAYS_SEARCH_USER_PATHS = NO;
				CLANG_ANALYZER_NONNULL = YES;
				CLANG_ANALYZER_NUMBER_OBJECT_CONVERSION = YES_AGGRESSIVE;
				CLANG_CXX_LANGUAGE_STANDARD = "gnu++14";
				CLANG_CXX_LIBRARY = "libc++";
				CLANG_ENABLE_MODULES = YES;
				CLANG_ENABLE_OBJC_ARC = YES;
				CLANG_ENABLE_OBJC_WEAK = YES;
				CLANG_WARN_BLOCK_CAPTURE_AUTORELEASING = YES;
				CLANG_WARN_BOOL_CONVERSION = YES;
				CLANG_WARN_COMMA = YES;
				CLANG_WARN_CONSTANT_CONVERSION = YES;
				CLANG_WARN_DEPRECATED_OBJC_IMPLEMENTATIONS = YES;
				CLANG_WARN_DIRECT_OBJC_ISA_USAGE = YES_ERROR;
				CLANG_WARN_DOCUMENTATION_COMMENTS = YES;
				CLANG_WARN_EMPTY_BODY = YES;
				CLANG_WARN_ENUM_CONVERSION = YES;
				CLANG_WARN_INFINITE_RECURSION = YES;
				CLANG_WARN_INT_CONVERSION = YES;
				CLANG_WARN_NON_LITERAL_NULL_CONVERSION = YES;
				CLANG_WARN_OBJC_IMPLICIT_RETAIN_SELF = YES;
				CLANG_WARN_OBJC_LITERAL_CONVERSION = YES;
				CLANG_WARN_OBJC_ROOT_CLASS = YES_ERROR;
				CLANG_WARN_QUOTED_INCLUDE_IN_FRAMEWORK_HEADER = YES;
				CLANG_WARN_RANGE_LOOP_ANALYSIS = YES;
				CLANG_WARN_STRICT_PROTOTYPES = YES;
				CLANG_WARN_SUSPICIOUS_MOVE = YES;
				CLANG_WARN_UNGUARDED_AVAILABILITY = YES_AGGRESSIVE;
				CLANG_WARN_UNREACHABLE_CODE = YES;
				CLANG_WARN__DUPLICATE_METHOD_MATCH = YES;
				COPY_PHASE_STRIP = NO;
				DEBUG_INFORMATION_FORMAT = "dwarf-with-dsym";
				ENABLE_NS_ASSERTIONS = NO;
				ENABLE_STRICT_OBJC_MSGSEND = YES;
				GCC_C_LANGUAGE_STANDARD = gnu11;
				GCC_NO_COMMON_BLOCKS = YES;
				GCC_WARN_64_TO_32_BIT_CONVERSION = YES;
				GCC_WARN_ABOUT_RETURN_TYPE = YES_ERROR;
				GCC_WARN_UNDECLARED_SELECTOR = YES;
				GCC_WARN_UNINITIALIZED_AUTOS = YES_AGGRESSIVE;
				GCC_WARN_UNUSED_FUNCTION = YES;
				GCC_WARN_UNUSED_VARIABLE = YES;
				IPHONEOS_DEPLOYMENT_TARGET = 14.5;
				MTL_ENABLE_DEBUG_INFO = NO;
				MTL_FAST_MATH = YES;
				SDKROOT = iphoneos;
				VALIDATE_PRODUCT = YES;
			};
			name = Release;
		};
		D8E79A60268D6ED80016D701 /* Debug */ = {
			isa = XCBuildConfiguration;
			buildSettings = {
				APPLICATION_EXTENSION_API_ONLY = NO;
				CODE_SIGN_STYLE = Automatic;
				CURRENT_PROJECT_VERSION = 1;
				DEFINES_MODULE = YES;
				DEVELOPMENT_TEAM = GTX3MUR5U3;
				DYLIB_COMPATIBILITY_VERSION = 1;
				DYLIB_CURRENT_VERSION = 1;
				DYLIB_INSTALL_NAME_BASE = "@rpath";
				INFOPLIST_FILE = "$(SRCROOT)/Info.plist";
				INSTALL_PATH = "$(LOCAL_LIBRARY_DIR)/Frameworks";
				LD_RUNPATH_SEARCH_PATHS = (
					"$(inherited)",
					"@executable_path/Frameworks",
					"@loader_path/Frameworks",
				);
				PRODUCT_BUNDLE_IDENTIFIER = com.kb.KBLibrary;
				PRODUCT_NAME = "$(TARGET_NAME:c99extidentifier)";
				SKIP_INSTALL = YES;
				TARGETED_DEVICE_FAMILY = "1,2";
				VERSIONING_SYSTEM = "apple-generic";
				VERSION_INFO_PREFIX = "";
			};
			name = Debug;
		};
		D8E79A61268D6ED80016D701 /* Release */ = {
			isa = XCBuildConfiguration;
			buildSettings = {
				APPLICATION_EXTENSION_API_ONLY = NO;
				CODE_SIGN_STYLE = Automatic;
				CURRENT_PROJECT_VERSION = 1;
				DEFINES_MODULE = YES;
				DEVELOPMENT_TEAM = GTX3MUR5U3;
				DYLIB_COMPATIBILITY_VERSION = 1;
				DYLIB_CURRENT_VERSION = 1;
				DYLIB_INSTALL_NAME_BASE = "@rpath";
				INFOPLIST_FILE = "$(SRCROOT)/Info.plist";
				INSTALL_PATH = "$(LOCAL_LIBRARY_DIR)/Frameworks";
				LD_RUNPATH_SEARCH_PATHS = (
					"$(inherited)",
					"@executable_path/Frameworks",
					"@loader_path/Frameworks",
				);
				PRODUCT_BUNDLE_IDENTIFIER = com.kb.KBLibrary;
				PRODUCT_NAME = "$(TARGET_NAME:c99extidentifier)";
				SKIP_INSTALL = YES;
				TARGETED_DEVICE_FAMILY = "1,2";
				VERSIONING_SYSTEM = "apple-generic";
				VERSION_INFO_PREFIX = "";
			};
			name = Release;
		};
/* End XCBuildConfiguration section */

/* Begin XCConfigurationList section */
		D8E79A34268D6EA60016D701 /* Build configuration list for PBXProject "KBLibrary" */ = {
			isa = XCConfigurationList;
			buildConfigurations = (
				D8E79A50268D6EA80016D701 /* Debug */,
				D8E79A51268D6EA80016D701 /* Release */,
			);
			defaultConfigurationIsVisible = 0;
			defaultConfigurationName = Release;
		};
		D8E79A5F268D6ED80016D701 /* Build configuration list for PBXNativeTarget "KBLibrary" */ = {
			isa = XCConfigurationList;
			buildConfigurations = (
				D8E79A60268D6ED80016D701 /* Debug */,
				D8E79A61268D6ED80016D701 /* Release */,
			);
			defaultConfigurationIsVisible = 0;
			defaultConfigurationName = Release;
		};
/* End XCConfigurationList section */
	};
	rootObject = D8E79A31268D6EA60016D701 /* Project object */;
}
